
Microsoft Visual Studio Solution File, Format Version 12.00
# Visual Studio 15
VisualStudioVersion = 15.0.28307.271
MinimumVisualStudioVersion = 10.0.40219.1
Project("{FAE04EC0-301F-11D3-BF4B-00C04F79EFBC}") = "soleMate.Android", "soleMate\soleMate.Android\soleMate.Android.csproj", "{9B56D3E8-D7C9-496F-93D8-14E59870EE7B}"
EndProject
Project("{FAE04EC0-301F-11D3-BF4B-00C04F79EFBC}") = "soleMate.iOS", "soleMate\soleMate.iOS\soleMate.iOS.csproj", "{94420E7B-7717-4D80-8675-9C5E9EA85516}"
EndProject
Project("{FAE04EC0-301F-11D3-BF4B-00C04F79EFBC}") = "soleMate", "soleMate\soleMate\soleMate.csproj", "{43FE72EB-52BF-4B4D-8E54-A5259F926FFD}"
EndProject
Global
	GlobalSection(SolutionConfigurationPlatforms) = preSolution
		Ad-Hoc|Any CPU = Ad-Hoc|Any CPU
		Ad-Hoc|iPhone = Ad-Hoc|iPhone
		Ad-Hoc|iPhoneSimulator = Ad-Hoc|iPhoneSimulator
		AppStore|Any CPU = AppStore|Any CPU
		AppStore|iPhone = AppStore|iPhone
		AppStore|iPhoneSimulator = AppStore|iPhoneSimulator
		Debug|Any CPU = Debug|Any CPU
		Debug|iPhone = Debug|iPhone
		Debug|iPhoneSimulator = Debug|iPhoneSimulator
		Release|Any CPU = Release|Any CPU
		Release|iPhone = Release|iPhone
		Release|iPhoneSimulator = Release|iPhoneSimulator
	EndGlobalSection
	GlobalSection(ProjectConfigurationPlatforms) = postSolution
		{9B56D3E8-D7C9-496F-93D8-14E59870EE7B}.Ad-Hoc|Any CPU.ActiveCfg = Release|Any CPU
		{9B56D3E8-D7C9-496F-93D8-14E59870EE7B}.Ad-Hoc|Any CPU.Build.0 = Release|Any CPU
		{9B56D3E8-D7C9-496F-93D8-14E59870EE7B}.Ad-Hoc|Any CPU.Deploy.0 = Release|Any CPU
		{9B56D3E8-D7C9-496F-93D8-14E59870EE7B}.Ad-Hoc|iPhone.ActiveCfg = Release|Any CPU
		{9B56D3E8-D7C9-496F-93D8-14E59870EE7B}.Ad-Hoc|iPhone.Build.0 = Release|Any CPU
		{9B56D3E8-D7C9-496F-93D8-14E59870EE7B}.Ad-Hoc|iPhone.Deploy.0 = Release|Any CPU
		{9B56D3E8-D7C9-496F-93D8-14E59870EE7B}.Ad-Hoc|iPhoneSimulator.ActiveCfg = Release|Any CPU
		{9B56D3E8-D7C9-496F-93D8-14E59870EE7B}.Ad-Hoc|iPhoneSimulator.Build.0 = Release|Any CPU
		{9B56D3E8-D7C9-496F-93D8-14E59870EE7B}.Ad-Hoc|iPhoneSimulator.Deploy.0 = Release|Any CPU
		{9B56D3E8-D7C9-496F-93D8-14E59870EE7B}.AppStore|Any CPU.ActiveCfg = Release|Any CPU
		{9B56D3E8-D7C9-496F-93D8-14E59870EE7B}.AppStore|Any CPU.Build.0 = Release|Any CPU
		{9B56D3E8-D7C9-496F-93D8-14E59870EE7B}.AppStore|Any CPU.Deploy.0 = Release|Any CPU
		{9B56D3E8-D7C9-496F-93D8-14E59870EE7B}.AppStore|iPhone.ActiveCfg = Release|Any CPU
		{9B56D3E8-D7C9-496F-93D8-14E59870EE7B}.AppStore|iPhone.Build.0 = Release|Any CPU
		{9B56D3E8-D7C9-496F-93D8-14E59870EE7B}.AppStore|iPhone.Deploy.0 = Release|Any CPU
		{9B56D3E8-D7C9-496F-93D8-14E59870EE7B}.AppStore|iPhoneSimulator.ActiveCfg = Release|Any CPU
		{9B56D3E8-D7C9-496F-93D8-14E59870EE7B}.AppStore|iPhoneSimulator.Build.0 = Release|Any CPU
		{9B56D3E8-D7C9-496F-93D8-14E59870EE7B}.AppStore|iPhoneSimulator.Deploy.0 = Release|Any CPU
		{9B56D3E8-D7C9-496F-93D8-14E59870EE7B}.Debug|Any CPU.ActiveCfg = Debug|Any CPU
		{9B56D3E8-D7C9-496F-93D8-14E59870EE7B}.Debug|Any CPU.Build.0 = Debug|Any CPU
		{9B56D3E8-D7C9-496F-93D8-14E59870EE7B}.Debug|Any CPU.Deploy.0 = Debug|Any CPU
		{9B56D3E8-D7C9-496F-93D8-14E59870EE7B}.Debug|iPhone.ActiveCfg = Debug|Any CPU
		{9B56D3E8-D7C9-496F-93D8-14E59870EE7B}.Debug|iPhone.Build.0 = Debug|Any CPU
		{9B56D3E8-D7C9-496F-93D8-14E59870EE7B}.Debug|iPhone.Deploy.0 = Debug|Any CPU
		{9B56D3E8-D7C9-496F-93D8-14E59870EE7B}.Debug|iPhoneSimulator.ActiveCfg = Debug|Any CPU
		{9B56D3E8-D7C9-496F-93D8-14E59870EE7B}.Debug|iPhoneSimulator.Build.0 = Debug|Any CPU
		{9B56D3E8-D7C9-496F-93D8-14E59870EE7B}.Debug|iPhoneSimulator.Deploy.0 = Debug|Any CPU
		{9B56D3E8-D7C9-496F-93D8-14E59870EE7B}.Release|Any CPU.ActiveCfg = Release|Any CPU
		{9B56D3E8-D7C9-496F-93D8-14E59870EE7B}.Release|Any CPU.Build.0 = Release|Any CPU
		{9B56D3E8-D7C9-496F-93D8-14E59870EE7B}.Release|Any CPU.Deploy.0 = Release|Any CPU
		{9B56D3E8-D7C9-496F-93D8-14E59870EE7B}.Release|iPhone.ActiveCfg = Release|Any CPU
		{9B56D3E8-D7C9-496F-93D8-14E59870EE7B}.Release|iPhone.Build.0 = Release|Any CPU
		{9B56D3E8-D7C9-496F-93D8-14E59870EE7B}.Release|iPhone.Deploy.0 = Release|Any CPU
		{9B56D3E8-D7C9-496F-93D8-14E59870EE7B}.Release|iPhoneSimulator.ActiveCfg = Release|Any CPU
		{9B56D3E8-D7C9-496F-93D8-14E59870EE7B}.Release|iPhoneSimulator.Build.0 = Release|Any CPU
		{9B56D3E8-D7C9-496F-93D8-14E59870EE7B}.Release|iPhoneSimulator.Deploy.0 = Release|Any CPU
		{94420E7B-7717-4D80-8675-9C5E9EA85516}.Ad-Hoc|Any CPU.ActiveCfg = Ad-Hoc|iPhone
		{94420E7B-7717-4D80-8675-9C5E9EA85516}.Ad-Hoc|Any CPU.Build.0 = Ad-Hoc|iPhone
		{94420E7B-7717-4D80-8675-9C5E9EA85516}.Ad-Hoc|Any CPU.Deploy.0 = Ad-Hoc|iPhone
		{94420E7B-7717-4D80-8675-9C5E9EA85516}.Ad-Hoc|iPhone.ActiveCfg = Ad-Hoc|iPhone
		{94420E7B-7717-4D80-8675-9C5E9EA85516}.Ad-Hoc|iPhone.Build.0 = Ad-Hoc|iPhone
		{94420E7B-7717-4D80-8675-9C5E9EA85516}.Ad-Hoc|iPhone.Deploy.0 = Ad-Hoc|iPhone
		{94420E7B-7717-4D80-8675-9C5E9EA85516}.Ad-Hoc|iPhoneSimulator.ActiveCfg = Ad-Hoc|iPhoneSimulator
		{94420E7B-7717-4D80-8675-9C5E9EA85516}.Ad-Hoc|iPhoneSimulator.Build.0 = Ad-Hoc|iPhoneSimulator
		{94420E7B-7717-4D80-8675-9C5E9EA85516}.Ad-Hoc|iPhoneSimulator.Deploy.0 = Ad-Hoc|iPhoneSimulator
		{94420E7B-7717-4D80-8675-9C5E9EA85516}.AppStore|Any CPU.ActiveCfg = AppStore|iPhone
		{94420E7B-7717-4D80-8675-9C5E9EA85516}.AppStore|Any CPU.Build.0 = AppStore|iPhone
		{94420E7B-7717-4D80-8675-9C5E9EA85516}.AppStore|Any CPU.Deploy.0 = AppStore|iPhone
		{94420E7B-7717-4D80-8675-9C5E9EA85516}.AppStore|iPhone.ActiveCfg = AppStore|iPhone
		{94420E7B-7717-4D80-8675-9C5E9EA85516}.AppStore|iPhone.Build.0 = AppStore|iPhone
		{94420E7B-7717-4D80-8675-9C5E9EA85516}.AppStore|iPhone.Deploy.0 = AppStore|iPhone
		{94420E7B-7717-4D80-8675-9C5E9EA85516}.AppStore|iPhoneSimulator.ActiveCfg = AppStore|iPhoneSimulator
		{94420E7B-7717-4D80-8675-9C5E9EA85516}.AppStore|iPhoneSimulator.Build.0 = AppStore|iPhoneSimulator
		{94420E7B-7717-4D80-8675-9C5E9EA85516}.AppStore|iPhoneSimulator.Deploy.0 = AppStore|iPhoneSimulator
		{94420E7B-7717-4D80-8675-9C5E9EA85516}.Debug|Any CPU.ActiveCfg = Debug|iPhoneSimulator
		{94420E7B-7717-4D80-8675-9C5E9EA85516}.Debug|Any CPU.Build.0 = Debug|iPhoneSimulator
		{94420E7B-7717-4D80-8675-9C5E9EA85516}.Debug|Any CPU.Deploy.0 = Debug|iPhoneSimulator
		{94420E7B-7717-4D80-8675-9C5E9EA85516}.Debug|iPhone.ActiveCfg = Debug|iPhone
		{94420E7B-7717-4D80-8675-9C5E9EA85516}.Debug|iPhone.Build.0 = Debug|iPhone
		{94420E7B-7717-4D80-8675-9C5E9EA85516}.Debug|iPhone.Deploy.0 = Debug|iPhone
		{94420E7B-7717-4D80-8675-9C5E9EA85516}.Debug|iPhoneSimulator.ActiveCfg = Debug|iPhoneSimulator
		{94420E7B-7717-4D80-8675-9C5E9EA85516}.Debug|iPhoneSimulator.Build.0 = Debug|iPhoneSimulator
		{94420E7B-7717-4D80-8675-9C5E9EA85516}.Debug|iPhoneSimulator.Deploy.0 = Debug|iPhoneSimulator
		{94420E7B-7717-4D80-8675-9C5E9EA85516}.Release|Any CPU.ActiveCfg = Release|iPhone
		{94420E7B-7717-4D80-8675-9C5E9EA85516}.Release|Any CPU.Build.0 = Release|iPhone
		{94420E7B-7717-4D80-8675-9C5E9EA85516}.Release|Any CPU.Deploy.0 = Release|iPhone
		{94420E7B-7717-4D80-8675-9C5E9EA85516}.Release|iPhone.ActiveCfg = Release|iPhone
		{94420E7B-7717-4D80-8675-9C5E9EA85516}.Release|iPhone.Build.0 = Release|iPhone
		{94420E7B-7717-4D80-8675-9C5E9EA85516}.Release|iPhone.Deploy.0 = Release|iPhone
		{94420E7B-7717-4D80-8675-9C5E9EA85516}.Release|iPhoneSimulator.ActiveCfg = Release|iPhoneSimulator
		{94420E7B-7717-4D80-8675-9C5E9EA85516}.Release|iPhoneSimulator.Build.0 = Release|iPhoneSimulator
		{94420E7B-7717-4D80-8675-9C5E9EA85516}.Release|iPhoneSimulator.Deploy.0 = Release|iPhoneSimulator
		{43FE72EB-52BF-4B4D-8E54-A5259F926FFD}.Ad-Hoc|Any CPU.ActiveCfg = Debug|Any CPU
		{43FE72EB-52BF-4B4D-8E54-A5259F926FFD}.Ad-Hoc|Any CPU.Build.0 = Debug|Any CPU
		{43FE72EB-52BF-4B4D-8E54-A5259F926FFD}.Ad-Hoc|Any CPU.Deploy.0 = Debug|Any CPU
		{43FE72EB-52BF-4B4D-8E54-A5259F926FFD}.Ad-Hoc|iPhone.ActiveCfg = Debug|Any CPU
		{43FE72EB-52BF-4B4D-8E54-A5259F926FFD}.Ad-Hoc|iPhone.Build.0 = Debug|Any CPU
		{43FE72EB-52BF-4B4D-8E54-A5259F926FFD}.Ad-Hoc|iPhone.Deploy.0 = Debug|Any CPU
		{43FE72EB-52BF-4B4D-8E54-A5259F926FFD}.Ad-Hoc|iPhoneSimulator.ActiveCfg = Debug|Any CPU
		{43FE72EB-52BF-4B4D-8E54-A5259F926FFD}.Ad-Hoc|iPhoneSimulator.Build.0 = Debug|Any CPU
		{43FE72EB-52BF-4B4D-8E54-A5259F926FFD}.Ad-Hoc|iPhoneSimulator.Deploy.0 = Debug|Any CPU
		{43FE72EB-52BF-4B4D-8E54-A5259F926FFD}.AppStore|Any CPU.ActiveCfg = Debug|Any CPU
		{43FE72EB-52BF-4B4D-8E54-A5259F926FFD}.AppStore|Any CPU.Build.0 = Debug|Any CPU
		{43FE72EB-52BF-4B4D-8E54-A5259F926FFD}.AppStore|Any CPU.Deploy.0 = Debug|Any CPU
		{43FE72EB-52BF-4B4D-8E54-A5259F926FFD}.AppStore|iPhone.ActiveCfg = Debug|Any CPU
		{43FE72EB-52BF-4B4D-8E54-A5259F926FFD}.AppStore|iPhone.Build.0 = Debug|Any CPU
		{43FE72EB-52BF-4B4D-8E54-A5259F926FFD}.AppStore|iPhone.Deploy.0 = Debug|Any CPU
		{43FE72EB-52BF-4B4D-8E54-A5259F926FFD}.AppStore|iPhoneSimulator.ActiveCfg = Debug|Any CPU
		{43FE72EB-52BF-4B4D-8E54-A5259F926FFD}.AppStore|iPhoneSimulator.Build.0 = Debug|Any CPU
		{43FE72EB-52BF-4B4D-8E54-A5259F926FFD}.AppStore|iPhoneSimulator.Deploy.0 = Debug|Any CPU
		{43FE72EB-52BF-4B4D-8E54-A5259F926FFD}.Debug|Any CPU.ActiveCfg = Debug|Any CPU
		{43FE72EB-52BF-4B4D-8E54-A5259F926FFD}.Debug|Any CPU.Build.0 = Debug|Any CPU
		{43FE72EB-52BF-4B4D-8E54-A5259F926FFD}.Debug|Any CPU.Deploy.0 = Debug|Any CPU
		{43FE72EB-52BF-4B4D-8E54-A5259F926FFD}.Debug|iPhone.ActiveCfg = Debug|Any CPU
		{43FE72EB-52BF-4B4D-8E54-A5259F926FFD}.Debug|iPhone.Build.0 = Debug|Any CPU
		{43FE72EB-52BF-4B4D-8E54-A5259F926FFD}.Debug|iPhone.Deploy.0 = Debug|Any CPU
		{43FE72EB-52BF-4B4D-8E54-A5259F926FFD}.Debug|iPhoneSimulator.ActiveCfg = Debug|Any CPU
		{43FE72EB-52BF-4B4D-8E54-A5259F926FFD}.Debug|iPhoneSimulator.Build.0 = Debug|Any CPU
		{43FE72EB-52BF-4B4D-8E54-A5259F926FFD}.Debug|iPhoneSimulator.Deploy.0 = Debug|Any CPU
		{43FE72EB-52BF-4B4D-8E54-A5259F926FFD}.Release|Any CPU.ActiveCfg = Release|Any CPU
		{43FE72EB-52BF-4B4D-8E54-A5259F926FFD}.Release|Any CPU.Build.0 = Release|Any CPU
		{43FE72EB-52BF-4B4D-8E54-A5259F926FFD}.Release|Any CPU.Deploy.0 = Release|Any CPU
		{43FE72EB-52BF-4B4D-8E54-A5259F926FFD}.Release|iPhone.ActiveCfg = Release|Any CPU
		{43FE72EB-52BF-4B4D-8E54-A5259F926FFD}.Release|iPhone.Build.0 = Release|Any CPU
		{43FE72EB-52BF-4B4D-8E54-A5259F926FFD}.Release|iPhone.Deploy.0 = Release|Any CPU
		{43FE72EB-52BF-4B4D-8E54-A5259F926FFD}.Release|iPhoneSimulator.ActiveCfg = Release|Any CPU
		{43FE72EB-52BF-4B4D-8E54-A5259F926FFD}.Release|iPhoneSimulator.Build.0 = Release|Any CPU
		{43FE72EB-52BF-4B4D-8E54-A5259F926FFD}.Release|iPhoneSimulator.Deploy.0 = Release|Any CPU
	EndGlobalSection
	GlobalSection(SolutionProperties) = preSolution
		HideSolutionNode = FALSE
	EndGlobalSection
	GlobalSection(ExtensibilityGlobals) = postSolution
		SolutionGuid = {4286BC4E-A04D-4266-B3AE-4DBF30E5AFE3}
	EndGlobalSection
EndGlobal
